
Microsoft Visual Studio Solution File, Format Version 12.00
# Visual Studio 15
VisualStudioVersion = 15.0.26430.4
MinimumVisualStudioVersion = 10.0.40219.1
Project("{FAE04EC0-301F-11D3-BF4B-00C04F79EFBC}") = "NPiculet.Test", "NPiculet.Test\NPiculet.Test.csproj", "{B7295778-8907-4469-B523-D85C1F4D0361}"
EndProject
Project("{2150E333-8FDC-42A3-9474-1A3956D46DE8}") = "Solution Items", "Solution Items", "{34DA3EB3-2B7C-4980-9F84-017D9C79CC44}"
	ProjectSection(SolutionItems) = preProject
		Local.testsettings = Local.testsettings
		TraceAndTestImpact.testsettings = TraceAndTestImpact.testsettings
	EndProjectSection
EndProject
Project("{FAE04EC0-301F-11D3-BF4B-00C04F79EFBC}") = "NPiculet.CMS", "NPiculet.CMS\NPiculet.CMS.csproj", "{59509836-713E-4F99-A9F1-2DD4C696E5D9}"
EndProject
Project("{FAE04EC0-301F-11D3-BF4B-00C04F79EFBC}") = "NPiculet.WebControls", "NPiculet.WebControls\NPiculet.WebControls.csproj", "{53A8BD6F-096D-4C61-8504-F257F93F5ABC}"
EndProject
Project("{FAE04EC0-301F-11D3-BF4B-00C04F79EFBC}") = "NPiculet.Base", "NPiculet.Base\NPiculet.Base.csproj", "{5AF1F7EF-259A-4B00-B7ED-C145515E9885}"
EndProject
Project("{FAE04EC0-301F-11D3-BF4B-00C04F79EFBC}") = "NPiculet.Sys", "NPiculet.Sys\NPiculet.Sys.csproj", "{7C06BB77-1A52-43C4-B6B6-4F72C256AB2A}"
EndProject
Project("{E24C65DC-7377-472B-9ABA-BC803B73C61A}") = "WebSite", "http://localhost:45173", "{22EFFDF9-9094-4F52-B24E-53F5519F453D}"
	ProjectSection(SvnOrigin) = preProject
		@Keys = Enlist,Svn.Uri
		Enlist = Required
		Svn.Uri = WebSite/
	EndProjectSection
	ProjectSection(WebsiteProperties) = preProject
		SccProjectName = "Svn"
		SccAuxPath = "Svn"
		SccLocalPath = "Svn"
		SccProvider = "SubversionScc"
		UseIISExpress = "true"
		TargetFrameworkMoniker = ".NETFramework,Version%3Dv4.6.2"
		ProjectReferences = "{53a8bd6f-096d-4c61-8504-f257f93f5abc}|NPiculet.WebControls.dll;{7c06bb77-1a52-43c4-b6b6-4f72c256ab2a}|NPiculet.Sys.dll;{59509836-713e-4f99-a9f1-2dd4c696e5d9}|NPiculet.CMS.dll;{5af1f7ef-259a-4b00-b7ed-c145515e9885}|NPiculet.Base.dll;"
		Debug.AspNetCompiler.VirtualPath = "/WebSite"
		Debug.AspNetCompiler.PhysicalPath = "WebSite\"
		Debug.AspNetCompiler.TargetPath = "PrecompiledWeb\WebSite\"
		Debug.AspNetCompiler.Updateable = "true"
		Debug.AspNetCompiler.ForceOverwrite = "true"
		Debug.AspNetCompiler.FixedNames = "false"
		Debug.AspNetCompiler.Debug = "True"
		Release.AspNetCompiler.VirtualPath = "/WebSite"
		Release.AspNetCompiler.PhysicalPath = "WebSite\"
		Release.AspNetCompiler.TargetPath = "PrecompiledWeb\WebSite\"
		Release.AspNetCompiler.Updateable = "true"
		Release.AspNetCompiler.ForceOverwrite = "true"
		Release.AspNetCompiler.FixedNames = "false"
		Release.AspNetCompiler.Debug = "False"
		SlnRelativePath = "WebSite\"
		DefaultWebSiteLanguage = "Visual C#"
	EndProjectSection
EndProject
Global
	GlobalSection(SubversionScc) = preSolution
		Svn-Managed = True
		Manager = AnkhSVN - Subversion Support for Visual Studio
	EndGlobalSection
	GlobalSection(SolutionConfigurationPlatforms) = preSolution
		Debug|Any CPU = Debug|Any CPU
		Release|Any CPU = Release|Any CPU
	EndGlobalSection
	GlobalSection(ProjectConfigurationPlatforms) = postSolution
		{B7295778-8907-4469-B523-D85C1F4D0361}.Debug|Any CPU.ActiveCfg = Debug|Any CPU
		{B7295778-8907-4469-B523-D85C1F4D0361}.Debug|Any CPU.Build.0 = Debug|Any CPU
		{B7295778-8907-4469-B523-D85C1F4D0361}.Release|Any CPU.ActiveCfg = Release|Any CPU
		{B7295778-8907-4469-B523-D85C1F4D0361}.Release|Any CPU.Build.0 = Release|Any CPU
		{59509836-713E-4F99-A9F1-2DD4C696E5D9}.Debug|Any CPU.ActiveCfg = Debug|Any CPU
		{59509836-713E-4F99-A9F1-2DD4C696E5D9}.Debug|Any CPU.Build.0 = Debug|Any CPU
		{59509836-713E-4F99-A9F1-2DD4C696E5D9}.Release|Any CPU.ActiveCfg = Release|Any CPU
		{59509836-713E-4F99-A9F1-2DD4C696E5D9}.Release|Any CPU.Build.0 = Release|Any CPU
		{53A8BD6F-096D-4C61-8504-F257F93F5ABC}.Debug|Any CPU.ActiveCfg = Debug|Any CPU
		{53A8BD6F-096D-4C61-8504-F257F93F5ABC}.Debug|Any CPU.Build.0 = Debug|Any CPU
		{53A8BD6F-096D-4C61-8504-F257F93F5ABC}.Release|Any CPU.ActiveCfg = Release|Any CPU
		{53A8BD6F-096D-4C61-8504-F257F93F5ABC}.Release|Any CPU.Build.0 = Release|Any CPU
		{5AF1F7EF-259A-4B00-B7ED-C145515E9885}.Debug|Any CPU.ActiveCfg = Debug|Any CPU
		{5AF1F7EF-259A-4B00-B7ED-C145515E9885}.Debug|Any CPU.Build.0 = Debug|Any CPU
		{5AF1F7EF-259A-4B00-B7ED-C145515E9885}.Release|Any CPU.ActiveCfg = Release|Any CPU
		{5AF1F7EF-259A-4B00-B7ED-C145515E9885}.Release|Any CPU.Build.0 = Release|Any CPU
		{7C06BB77-1A52-43C4-B6B6-4F72C256AB2A}.Debug|Any CPU.ActiveCfg = Debug|Any CPU
		{7C06BB77-1A52-43C4-B6B6-4F72C256AB2A}.Debug|Any CPU.Build.0 = Debug|Any CPU
		{7C06BB77-1A52-43C4-B6B6-4F72C256AB2A}.Release|Any CPU.ActiveCfg = Release|Any CPU
		{7C06BB77-1A52-43C4-B6B6-4F72C256AB2A}.Release|Any CPU.Build.0 = Release|Any CPU
		{22EFFDF9-9094-4F52-B24E-53F5519F453D}.Debug|Any CPU.ActiveCfg = Debug|Any CPU
		{22EFFDF9-9094-4F52-B24E-53F5519F453D}.Debug|Any CPU.Build.0 = Debug|Any CPU
		{22EFFDF9-9094-4F52-B24E-53F5519F453D}.Release|Any CPU.ActiveCfg = Debug|Any CPU
		{22EFFDF9-9094-4F52-B24E-53F5519F453D}.Release|Any CPU.Build.0 = Debug|Any CPU
	EndGlobalSection
	GlobalSection(SolutionProperties) = preSolution
		HideSolutionNode = FALSE
	EndGlobalSection
EndGlobal
